
Microsoft Visual Studio Solution File, Format Version 12.00
# Visual Studio Version 16
VisualStudioVersion = 16.0.30621.155
MinimumVisualStudioVersion = 10.0.40219.1
Project("{9A19103F-16F7-4668-BE54-9A1E7A4F7556}") = "eShopSolution.WebApp", "eShopSolution.WebApp\eShopSolution.WebApp.csproj", "{1B2290B2-CFF7-42CE-BBCD-92A3EE8742DD}"
EndProject
Project("{2150E333-8FDC-42A3-9474-1A3956D46DE8}") = "0. Solution Items", "0. Solution Items", "{07E0125F-B27C-47CE-86D9-AEB6B4416374}"
	ProjectSection(SolutionItems) = preProject
		README.md = README.md
	EndProjectSection
EndProject
Project("{9A19103F-16F7-4668-BE54-9A1E7A4F7556}") = "eShopSolution.Data", "eShopSolution.Data\eShopSolution.Data.csproj", "{67FA1F4C-C0A3-4633-901F-B0F908FE082D}"
EndProject
Project("{9A19103F-16F7-4668-BE54-9A1E7A4F7556}") = "eShopSolution.Application", "eShopSolution.Application\eShopSolution.Application.csproj", "{42ED088E-7739-42BB-BC26-4734448FEBE0}"
EndProject
Project("{9A19103F-16F7-4668-BE54-9A1E7A4F7556}") = "eShopSolution.Utilities", "eShopSolution.Utilities\eShopSolution.Utilities.csproj", "{FD4CAD7E-2A76-4A6F-9E7F-537B97F9A7DE}"
EndProject
Project("{9A19103F-16F7-4668-BE54-9A1E7A4F7556}") = "eShopSolution.ViewModels", "eShopSolution.ViewModels\eShopSolution.ViewModels.csproj", "{128DFDA3-E279-4716-8B99-60A1D00450DF}"
EndProject
Project("{9A19103F-16F7-4668-BE54-9A1E7A4F7556}") = "eShopSolutionBackendApi", "eShopSolutionBackendApi\eShopSolutionBackendApi.csproj", "{34378447-F366-4560-9A2B-3D012748766D}"
EndProject
Project("{2150E333-8FDC-42A3-9474-1A3956D46DE8}") = "1. Infrastructure", "1. Infrastructure", "{27108252-CDA0-46E0-8B63-B97C5C57D095}"
EndProject
Project("{2150E333-8FDC-42A3-9474-1A3956D46DE8}") = "2. Domain", "2. Domain", "{8C32673D-733F-444A-901B-3EA1282AD8A9}"
EndProject
Project("{2150E333-8FDC-42A3-9474-1A3956D46DE8}") = "3. Hosts", "3. Hosts", "{56444D73-CE9A-4156-B190-6E3BB5D46F75}"
EndProject
Global
	GlobalSection(SolutionConfigurationPlatforms) = preSolution
		Debug|Any CPU = Debug|Any CPU
		Release|Any CPU = Release|Any CPU
	EndGlobalSection
	GlobalSection(ProjectConfigurationPlatforms) = postSolution
		{1B2290B2-CFF7-42CE-BBCD-92A3EE8742DD}.Debug|Any CPU.ActiveCfg = Debug|Any CPU
		{1B2290B2-CFF7-42CE-BBCD-92A3EE8742DD}.Debug|Any CPU.Build.0 = Debug|Any CPU
		{1B2290B2-CFF7-42CE-BBCD-92A3EE8742DD}.Release|Any CPU.ActiveCfg = Release|Any CPU
		{1B2290B2-CFF7-42CE-BBCD-92A3EE8742DD}.Release|Any CPU.Build.0 = Release|Any CPU
		{67FA1F4C-C0A3-4633-901F-B0F908FE082D}.Debug|Any CPU.ActiveCfg = Debug|Any CPU
		{67FA1F4C-C0A3-4633-901F-B0F908FE082D}.Debug|Any CPU.Build.0 = Debug|Any CPU
		{67FA1F4C-C0A3-4633-901F-B0F908FE082D}.Release|Any CPU.ActiveCfg = Release|Any CPU
		{67FA1F4C-C0A3-4633-901F-B0F908FE082D}.Release|Any CPU.Build.0 = Release|Any CPU
		{42ED088E-7739-42BB-BC26-4734448FEBE0}.Debug|Any CPU.ActiveCfg = Debug|Any CPU
		{42ED088E-7739-42BB-BC26-4734448FEBE0}.Debug|Any CPU.Build.0 = Debug|Any CPU
		{42ED088E-7739-42BB-BC26-4734448FEBE0}.Release|Any CPU.ActiveCfg = Release|Any CPU
		{42ED088E-7739-42BB-BC26-4734448FEBE0}.Release|Any CPU.Build.0 = Release|Any CPU
		{FD4CAD7E-2A76-4A6F-9E7F-537B97F9A7DE}.Debug|Any CPU.ActiveCfg = Debug|Any CPU
		{FD4CAD7E-2A76-4A6F-9E7F-537B97F9A7DE}.Debug|Any CPU.Build.0 = Debug|Any CPU
		{FD4CAD7E-2A76-4A6F-9E7F-537B97F9A7DE}.Release|Any CPU.ActiveCfg = Release|Any CPU
		{FD4CAD7E-2A76-4A6F-9E7F-537B97F9A7DE}.Release|Any CPU.Build.0 = Release|Any CPU
		{128DFDA3-E279-4716-8B99-60A1D00450DF}.Debug|Any CPU.ActiveCfg = Debug|Any CPU
		{128DFDA3-E279-4716-8B99-60A1D00450DF}.Debug|Any CPU.Build.0 = Debug|Any CPU
		{128DFDA3-E279-4716-8B99-60A1D00450DF}.Release|Any CPU.ActiveCfg = Release|Any CPU
		{128DFDA3-E279-4716-8B99-60A1D00450DF}.Release|Any CPU.Build.0 = Release|Any CPU
		{34378447-F366-4560-9A2B-3D012748766D}.Debug|Any CPU.ActiveCfg = Debug|Any CPU
		{34378447-F366-4560-9A2B-3D012748766D}.Debug|Any CPU.Build.0 = Debug|Any CPU
		{34378447-F366-4560-9A2B-3D012748766D}.Release|Any CPU.ActiveCfg = Release|Any CPU
		{34378447-F366-4560-9A2B-3D012748766D}.Release|Any CPU.Build.0 = Release|Any CPU
	EndGlobalSection
	GlobalSection(SolutionProperties) = preSolution
		HideSolutionNode = FALSE
	EndGlobalSection
	GlobalSection(NestedProjects) = preSolution
		{1B2290B2-CFF7-42CE-BBCD-92A3EE8742DD} = {56444D73-CE9A-4156-B190-6E3BB5D46F75}
		{67FA1F4C-C0A3-4633-901F-B0F908FE082D} = {8C32673D-733F-444A-901B-3EA1282AD8A9}
		{42ED088E-7739-42BB-BC26-4734448FEBE0} = {8C32673D-733F-444A-901B-3EA1282AD8A9}
		{FD4CAD7E-2A76-4A6F-9E7F-537B97F9A7DE} = {27108252-CDA0-46E0-8B63-B97C5C57D095}
		{128DFDA3-E279-4716-8B99-60A1D00450DF} = {27108252-CDA0-46E0-8B63-B97C5C57D095}
		{34378447-F366-4560-9A2B-3D012748766D} = {56444D73-CE9A-4156-B190-6E3BB5D46F75}
	EndGlobalSection
	GlobalSection(ExtensibilityGlobals) = postSolution
		SolutionGuid = {633864CC-7CA8-483B-90CF-8754CBE4CD48}
	EndGlobalSection
EndGlobal
